
Microsoft Visual Studio Solution File, Format Version 12.00
# Visual Studio Version 17
VisualStudioVersion = 17.5.33530.505
MinimumVisualStudioVersion = 10.0.40219.1
Project("{FAE04EC0-301F-11D3-BF4B-00C04F79EFBC}") = "Practical", "Practical\Practical.csproj", "{0C917D21-5FD5-46BB-8D8E-BFB30D63E7C3}"
EndProject
Global
	GlobalSection(SolutionConfigurationPlatforms) = preSolution
		Debug|Any CPU = Debug|Any CPU
		Release|Any CPU = Release|Any CPU
	EndGlobalSection
	GlobalSection(ProjectConfigurationPlatforms) = postSolution
		{0C917D21-5FD5-46BB-8D8E-BFB30D63E7C3}.Debug|Any CPU.ActiveCfg = Debug|Any CPU
		{0C917D21-5FD5-46BB-8D8E-BFB30D63E7C3}.Debug|Any CPU.Build.0 = Debug|Any CPU
		{0C917D21-5FD5-46BB-8D8E-BFB30D63E7C3}.Release|Any CPU.ActiveCfg = Release|Any CPU
		{0C917D21-5FD5-46BB-8D8E-BFB30D63E7C3}.Release|Any CPU.Build.0 = Release|Any CPU
	EndGlobalSection
	GlobalSection(SolutionProperties) = preSolution
		HideSolutionNode = FALSE
	EndGlobalSection
	GlobalSection(ExtensibilityGlobals) = postSolution
		SolutionGuid = {164754E9-2FB1-4801-8F6C-4EBFB8A1C9D2}
	EndGlobalSection
EndGlobal
